// !$*UTF8*$!
{
	archiveVersion = 1;
	classes = {
	};
	objectVersion = 77;
	objects = {

/* Begin PBXBuildFile section */
		B6A68D3F2F50AB9000B887B3 /* ReceiptParser in Frameworks */ = {isa = PBXBuildFile; productRef = B6A68D3E2F50AB9000B887B3 /* ReceiptParser */; };
		B6A68D412F50AB9000B887B3 /* RevenueCat in Frameworks */ = {isa = PBXBuildFile; productRef = B6A68D402F50AB9000B887B3 /* RevenueCat */; };
		B6A68D432F50AB9000B887B3 /* RevenueCatUI in Frameworks */ = {isa = PBXBuildFile; productRef = B6A68D422F50AB9000B887B3 /* RevenueCatUI */; };
		B6FEEA092F4F4AD300E04ED1 /* Supabase in Frameworks */ = {isa = PBXBuildFile; productRef = A1B2C3D4E5F6A7B8C9D0E1F3 /* Supabase */; };
/* End PBXBuildFile section */

/* Begin PBXContainerItemProxy section */
		B6FEE87A2F4F3F2200E04ED1 /* PBXContainerItemProxy */ = {
			isa = PBXContainerItemProxy;
			containerPortal = B6FEE8622F4F3F2000E04ED1 /* Project object */;
			proxyType = 1;
			remoteGlobalIDString = B6FEE8692F4F3F2000E04ED1;
			remoteInfo = GymLung;
		};
		B6FEE8842F4F3F2200E04ED1 /* PBXContainerItemProxy */ = {
			isa = PBXContainerItemProxy;
			containerPortal = B6FEE8622F4F3F2000E04ED1 /* Project object */;
			proxyType = 1;
			remoteGlobalIDString = B6FEE8692F4F3F2000E04ED1;
			remoteInfo = GymLung;
		};
/* End PBXContainerItemProxy section */

/* Begin PBXFileReference section */
		B6FEE86A2F4F3F2000E04ED1 /* GymLung.app */ = {isa = PBXFileReference; explicitFileType = wrapper.application; includeInIndex = 0; path = GymLung.app; sourceTree = BUILT_PRODUCTS_DIR; };
		B6FEE8792F4F3F2200E04ED1 /* GymLungTests.xctest */ = {isa = PBXFileReference; explicitFileType = wrapper.cfbundle; includeInIndex = 0; path = GymLungTests.xctest; sourceTree = BUILT_PRODUCTS_DIR; };
		B6FEE8832F4F3F2200E04ED1 /* GymLungUITests.xctest */ = {isa = PBXFileReference; explicitFileType = wrapper.cfbundle; includeInIndex = 0; path = GymLungUITests.xctest; sourceTree = BUILT_PRODUCTS_DIR; };
/* End PBXFileReference section */

/* Begin PBXFileSystemSynchronizedRootGroup section */
		B6FEE86C2F4F3F2000E04ED1 /* GymLung */ = {
			isa = PBXFileSystemSynchronizedRootGroup;
			path = GymLung;
			sourceTree = "<group>";
		};
		B6FEE87C2F4F3F2200E04ED1 /* GymLungTests */ = {
			isa = PBXFileSystemSynchronizedRootGroup;
			path = GymLungTests;
			sourceTree = "<group>";
		};
		B6FEE8862F4F3F2200E04ED1 /* GymLungUITests */ = {
			isa = PBXFileSystemSynchronizedRootGroup;
			path = GymLungUITests;
			sourceTree = "<group>";
		};
/* End PBXFileSystemSynchronizedRootGroup section */

/* Begin PBXFrameworksBuildPhase section */
		B6FEE8672F4F3F2000E04ED1 /* Frameworks */ = {
			isa = PBXFrameworksBuildPhase;
			buildActionMask = 2147483647;
			files = (
				B6A68D432F50AB9000B887B3 /* RevenueCatUI in Frameworks */,
				B6A68D3F2F50AB9000B887B3 /* ReceiptParser in Frameworks */,
				B6FEEA092F4F4AD300E04ED1 /* Supabase in Frameworks */,
				B6A68D412F50AB9000B887B3 /* RevenueCat in Frameworks */,
			);
			runOnlyForDeploymentPostprocessing = 0;
		};
		B6FEE8762F4F3F2200E04ED1 /* Frameworks */ = {
			isa = PBXFrameworksBuildPhase;
			buildActionMask = 2147483647;
			files = (
			);
			runOnlyForDeploymentPostprocessing = 0;
		};
		B6FEE8802F4F3F2200E04ED1 /* Frameworks */ = {
			isa = PBXFrameworksBuildPhase;
			buildActionMask = 2147483647;
			files = (
			);
			runOnlyForDeploymentPostprocessing = 0;
		};
/* End PBXFrameworksBuildPhase section */

/* Begin PBXGroup section */
		B6FEE8612F4F3F2000E04ED1 = {
			isa = PBXGroup;
			children = (
				B6FEE86C2F4F3F2000E04ED1 /* GymLung */,
				B6FEE87C2F4F3F2200E04ED1 /* GymLungTests */,
				B6FEE8862F4F3F2200E04ED1 /* GymLungUITests */,
				B6FEE86B2F4F3F2000E04ED1 /* Products */,
			);
			sourceTree = "<group>";
		};
		B6FEE86B2F4F3F2000E04ED1 /* Products */ = {
			isa = PBXGroup;
			children = (
				B6FEE86A2F4F3F2000E04ED1 /* GymLung.app */,
				B6FEE8792F4F3F2200E04ED1 /* GymLungTests.xctest */,
				B6FEE8832F4F3F2200E04ED1 /* GymLungUITests.xctest */,
			);
			name = Products;
			sourceTree = "<group>";
		};
/* End PBXGroup section */

/* Begin PBXNativeTarget section */
		B6FEE8692F4F3F2000E04ED1 /* GymLung */ = {
			isa = PBXNativeTarget;
			buildConfigurationList = B6FEE88D2F4F3F2200E04ED1 /* Build configuration list for PBXNativeTarget "GymLung" */;
			buildPhases = (
				B6FEE8662F4F3F2000E04ED1 /* Sources */,
				B6FEE8672F4F3F2000E04ED1 /* Frameworks */,
				B6FEE8682F4F3F2000E04ED1 /* Resources */,
			);
			buildRules = (
			);
			dependencies = (
			);
			fileSystemSynchronizedGroups = (
				B6FEE86C2F4F3F2000E04ED1 /* GymLung */,
			);
			name = GymLung;
			packageProductDependencies = (
				A1B2C3D4E5F6A7B8C9D0E1F3 /* Supabase */,
				B6A68D3E2F50AB9000B887B3 /* ReceiptParser */,
				B6A68D402F50AB9000B887B3 /* RevenueCat */,
				B6A68D422F50AB9000B887B3 /* RevenueCatUI */,
			);
			productName = GymLung;
			productReference = B6FEE86A2F4F3F2000E04ED1 /* GymLung.app */;
			productType = "com.apple.product-type.application";
		};
		B6FEE8782F4F3F2200E04ED1 /* GymLungTests */ = {
			isa = PBXNativeTarget;
			buildConfigurationList = B6FEE8902F4F3F2200E04ED1 /* Build configuration list for PBXNativeTarget "GymLungTests" */;
			buildPhases = (
				B6FEE8752F4F3F2200E04ED1 /* Sources */,
				B6FEE8762F4F3F2200E04ED1 /* Frameworks */,
				B6FEE8772F4F3F2200E04ED1 /* Resources */,
			);
			buildRules = (
			);
			dependencies = (
				B6FEE87B2F4F3F2200E04ED1 /* PBXTargetDependency */,
			);
			fileSystemSynchronizedGroups = (
				B6FEE87C2F4F3F2200E04ED1 /* GymLungTests */,
			);
			name = GymLungTests;
			packageProductDependencies = (
			);
			productName = GymLungTests;
			productReference = B6FEE8792F4F3F2200E04ED1 /* GymLungTests.xctest */;
			productType = "com.apple.product-type.bundle.unit-test";
		};
		B6FEE8822F4F3F2200E04ED1 /* GymLungUITests */ = {
			isa = PBXNativeTarget;
			buildConfigurationList = B6FEE8932F4F3F2200E04ED1 /* Build configuration list for PBXNativeTarget "GymLungUITests" */;
			buildPhases = (
				B6FEE87F2F4F3F2200E04ED1 /* Sources */,
				B6FEE8802F4F3F2200E04ED1 /* Frameworks */,
				B6FEE8812F4F3F2200E04ED1 /* Resources */,
			);
			buildRules = (
			);
			dependencies = (
				B6FEE8852F4F3F2200E04ED1 /* PBXTargetDependency */,
			);
			fileSystemSynchronizedGroups = (
				B6FEE8862F4F3F2200E04ED1 /* GymLungUITests */,
			);
			name = GymLungUITests;
			packageProductDependencies = (
			);
			productName = GymLungUITests;
			productReference = B6FEE8832F4F3F2200E04ED1 /* GymLungUITests.xctest */;
			productType = "com.apple.product-type.bundle.ui-testing";
		};
/* End PBXNativeTarget section */

/* Begin PBXProject section */
		B6FEE8622F4F3F2000E04ED1 /* Project object */ = {
			isa = PBXProject;
			attributes = {
				BuildIndependentTargetsInParallel = 1;
				LastSwiftUpdateCheck = 2620;
				LastUpgradeCheck = 2620;
				TargetAttributes = {
					B6FEE8692F4F3F2000E04ED1 = {
						CreatedOnToolsVersion = 26.2;
					};
					B6FEE8782F4F3F2200E04ED1 = {
						CreatedOnToolsVersion = 26.2;
						TestTargetID = B6FEE8692F4F3F2000E04ED1;
					};
					B6FEE8822F4F3F2200E04ED1 = {
						CreatedOnToolsVersion = 26.2;
						TestTargetID = B6FEE8692F4F3F2000E04ED1;
					};
				};
			};
			buildConfigurationList = B6FEE8652F4F3F2000E04ED1 /* Build configuration list for PBXProject "GymLung" */;
			developmentRegion = en;
			hasScannedForEncodings = 0;
			knownRegions = (
				en,
				Base,
			);
			mainGroup = B6FEE8612F4F3F2000E04ED1;
			minimizedProjectReferenceProxies = 1;
			packageReferences = (
				A1B2C3D4E5F6A7B8C9D0E1F2 /* XCRemoteSwiftPackageReference "supabase-swift" */,
				B6A68D3D2F50AB9000B887B3 /* XCRemoteSwiftPackageReference "purchases-ios-spm" */,
			);
			preferredProjectObjectVersion = 77;
			productRefGroup = B6FEE86B2F4F3F2000E04ED1 /* Products */;
			projectDirPath = "";
			projectRoot = "";
			targets = (
				B6FEE8692F4F3F2000E04ED1 /* GymLung */,
				B6FEE8782F4F3F2200E04ED1 /* GymLungTests */,
				B6FEE8822F4F3F2200E04ED1 /* GymLungUITests */,
			);
		};
/* End PBXProject section */

/* Begin PBXResourcesBuildPhase section */
		B6FEE8682F4F3F2000E04ED1 /* Resources */ = {
			isa = PBXResourcesBuildPhase;
			buildActionMask = 2147483647;
			files = (
			);
			runOnlyForDeploymentPostprocessing = 0;
		};
		B6FEE8772F4F3F2200E04ED1 /* Resources */ = {
			isa = PBXResourcesBuildPhase;
			buildActionMask = 2147483647;
			files = (
			);
			runOnlyForDeploymentPostprocessing = 0;
		};
		B6FEE8812F4F3F2200E04ED1 /* Resources */ = {
			isa = PBXResourcesBuildPhase;
			buildActionMask = 2147483647;
			files = (
			);
			runOnlyForDeploymentPostprocessing = 0;
		};
/* End PBXResourcesBuildPhase section */

/* Begin PBXSourcesBuildPhase section */
		B6FEE8662F4F3F2000E04ED1 /* Sources */ = {
			isa = PBXSourcesBuildPhase;
			buildActionMask = 2147483647;
			files = (
			);
			runOnlyForDeploymentPostprocessing = 0;
		};
		B6FEE8752F4F3F2200E04ED1 /* Sources */ = {
			isa = PBXSourcesBuildPhase;
			buildActionMask = 2147483647;
			files = (
			);
			runOnlyForDeploymentPostprocessing = 0;
		};
		B6FEE87F2F4F3F2200E04ED1 /* Sources */ = {
			isa = PBXSourcesBuildPhase;
			buildActionMask = 2147483647;
			files = (
			);
			runOnlyForDeploymentPostprocessing = 0;
		};
/* End PBXSourcesBuildPhase section */

/* Begin PBXTargetDependency section */
		B6FEE87B2F4F3F2200E04ED1 /* PBXTargetDependency */ = {
			isa = PBXTargetDependency;
			target = B6FEE8692F4F3F2000E04ED1 /* GymLung */;
			targetProxy = B6FEE87A2F4F3F2200E04ED1 /* PBXContainerItemProxy */;
		};
		B6FEE8852F4F3F2200E04ED1 /* PBXTargetDependency */ = {
			isa = PBXTargetDependency;
			target = B6FEE8692F4F3F2000E04ED1 /* GymLung */;
			targetProxy = B6FEE8842F4F3F2200E04ED1 /* PBXContainerItemProxy */;
		};
/* End PBXTargetDependency section */

/* Begin XCBuildConfiguration section */
		B6FEE88B2F4F3F2200E04ED1 /* Debug */ = {
			isa = XCBuildConfiguration;
			buildSettings = {
				ALWAYS_SEARCH_USER_PATHS = NO;
				ASSETCATALOG_COMPILER_GENERATE_SWIFT_ASSET_SYMBOL_EXTENSIONS = YES;
				CLANG_ANALYZER_NONNULL = YES;
				CLANG_ANALYZER_NUMBER_OBJECT_CONVERSION = YES_AGGRESSIVE;
				CLANG_CXX_LANGUAGE_STANDARD = "gnu++20";
				CLANG_ENABLE_MODULES = YES;
				CLANG_ENABLE_OBJC_ARC = YES;
				CLANG_ENABLE_OBJC_WEAK = YES;
				CLANG_WARN_BLOCK_CAPTURE_AUTORELEASING = YES;
				CLANG_WARN_BOOL_CONVERSION = YES;
				CLANG_WARN_COMMA = YES;
				CLANG_WARN_CONSTANT_CONVERSION = YES;
				CLANG_WARN_DEPRECATED_OBJC_IMPLEMENTATIONS = YES;
				CLANG_WARN_DIRECT_OBJC_ISA_USAGE = YES_ERROR;
				CLANG_WARN_DOCUMENTATION_COMMENTS = YES;
				CLANG_WARN_EMPTY_BODY = YES;
				CLANG_WARN_ENUM_CONVERSION = YES;
				CLANG_WARN_INFINITE_RECURSION = YES;
				CLANG_WARN_INT_CONVERSION = YES;
				CLANG_WARN_NON_LITERAL_NULL_CONVERSION = YES;
				CLANG_WARN_OBJC_IMPLICIT_RETAIN_SELF = YES;
				CLANG_WARN_OBJC_LITERAL_CONVERSION = YES;
				CLANG_WARN_OBJC_ROOT_CLASS = YES_ERROR;
				CLANG_WARN_QUOTED_INCLUDE_IN_FRAMEWORK_HEADER = YES;
				CLANG_WARN_RANGE_LOOP_ANALYSIS = YES;
				CLANG_WARN_STRICT_PROTOTYPES = YES;
				CLANG_WARN_SUSPICIOUS_MOVE = YES;
				CLANG_WARN_UNGUARDED_AVAILABILITY = YES_AGGRESSIVE;
				CLANG_WARN_UNREACHABLE_CODE = YES;
				CLANG_WARN__DUPLICATE_METHOD_MATCH = YES;
				COPY_PHASE_STRIP = NO;
				DEBUG_INFORMATION_FORMAT = dwarf;
				DEVELOPMENT_TEAM = Z52QA8N98T;
				ENABLE_STRICT_OBJC_MSGSEND = YES;
				ENABLE_TESTABILITY = YES;
				ENABLE_USER_SCRIPT_SANDBOXING = YES;
				GCC_C_LANGUAGE_STANDARD = gnu17;
				GCC_DYNAMIC_NO_PIC = NO;
				GCC_NO_COMMON_BLOCKS = YES;
				GCC_OPTIMIZATION_LEVEL = 0;
				GCC_PREPROCESSOR_DEFINITIONS = (
					"DEBUG=1",
					"$(inherited)",
				);
				GCC_WARN_64_TO_32_BIT_CONVERSION = YES;
				GCC_WARN_ABOUT_RETURN_TYPE = YES_ERROR;
				GCC_WARN_UNDECLARED_SELECTOR = YES;
				GCC_WARN_UNINITIALIZED_AUTOS = YES_AGGRESSIVE;
				GCC_WARN_UNUSED_FUNCTION = YES;
				GCC_WARN_UNUSED_VARIABLE = YES;
				IPHONEOS_DEPLOYMENT_TARGET = 17.0;
				LOCALIZATION_PREFERS_STRING_CATALOGS = YES;
				MTL_ENABLE_DEBUG_INFO = INCLUDE_SOURCE;
				MTL_FAST_MATH = YES;
				ONLY_ACTIVE_ARCH = YES;
				SDKROOT = iphoneos;
				SWIFT_ACTIVE_COMPILATION_CONDITIONS = "DEBUG $(inherited)";
				SWIFT_OPTIMIZATION_LEVEL = "-Onone";
			};
			name = Debug;
		};
		B6FEE88C2F4F3F2200E04ED1 /* Release */ = {
			isa = XCBuildConfiguration;
			buildSettings = {
				ALWAYS_SEARCH_USER_PATHS = NO;
				ASSETCATALOG_COMPILER_GENERATE_SWIFT_ASSET_SYMBOL_EXTENSIONS = YES;
				CLANG_ANALYZER_NONNULL = YES;
				CLANG_ANALYZER_NUMBER_OBJECT_CONVERSION = YES_AGGRESSIVE;
				CLANG_CXX_LANGUAGE_STANDARD = "gnu++20";
				CLANG_ENABLE_MODULES = YES;
				CLANG_ENABLE_OBJC_ARC = YES;
				CLANG_ENABLE_OBJC_WEAK = YES;
				CLANG_WARN_BLOCK_CAPTURE_AUTORELEASING = YES;
				CLANG_WARN_BOOL_CONVERSION = YES;
				CLANG_WARN_COMMA = YES;
				CLANG_WARN_CONSTANT_CONVERSION = YES;
				CLANG_WARN_DEPRECATED_OBJC_IMPLEMENTATIONS = YES;
				CLANG_WARN_DIRECT_OBJC_ISA_USAGE = YES_ERROR;
				CLANG_WARN_DOCUMENTATION_COMMENTS = YES;
				CLANG_WARN_EMPTY_BODY = YES;
				CLANG_WARN_ENUM_CONVERSION = YES;
				CLANG_WARN_INFINITE_RECURSION = YES;
				CLANG_WARN_INT_CONVERSION = YES;
				CLANG_WARN_NON_LITERAL_NULL_CONVERSION = YES;
				CLANG_WARN_OBJC_IMPLICIT_RETAIN_SELF = YES;
				CLANG_WARN_OBJC_LITERAL_CONVERSION = YES;
				CLANG_WARN_OBJC_ROOT_CLASS = YES_ERROR;
				CLANG_WARN_QUOTED_INCLUDE_IN_FRAMEWORK_HEADER = YES;
				CLANG_WARN_RANGE_LOOP_ANALYSIS = YES;
				CLANG_WARN_STRICT_PROTOTYPES = YES;
				CLANG_WARN_SUSPICIOUS_MOVE = YES;
				CLANG_WARN_UNGUARDED_AVAILABILITY = YES_AGGRESSIVE;
				CLANG_WARN_UNREACHABLE_CODE = YES;
				CLANG_WARN__DUPLICATE_METHOD_MATCH = YES;
				COPY_PHASE_STRIP = NO;
				DEBUG_INFORMATION_FORMAT = "dwarf-with-dsym";
				DEVELOPMENT_TEAM = Z52QA8N98T;
				ENABLE_NS_ASSERTIONS = NO;
				ENABLE_STRICT_OBJC_MSGSEND = YES;
				ENABLE_USER_SCRIPT_SANDBOXING = YES;
				GCC_C_LANGUAGE_STANDARD = gnu17;
				GCC_NO_COMMON_BLOCKS = YES;
				GCC_WARN_64_TO_32_BIT_CONVERSION = YES;
				GCC_WARN_ABOUT_RETURN_TYPE = YES_ERROR;
				GCC_WARN_UNDECLARED_SELECTOR = YES;
				GCC_WARN_UNINITIALIZED_AUTOS = YES_AGGRESSIVE;
				GCC_WARN_UNUSED_FUNCTION = YES;
				GCC_WARN_UNUSED_VARIABLE = YES;
				IPHONEOS_DEPLOYMENT_TARGET = 17.0;
				LOCALIZATION_PREFERS_STRING_CATALOGS = YES;
				MTL_ENABLE_DEBUG_INFO = NO;
				MTL_FAST_MATH = YES;
				SDKROOT = iphoneos;
				SWIFT_COMPILATION_MODE = wholemodule;
				VALIDATE_PRODUCT = YES;
			};
			name = Release;
		};
		B6FEE88E2F4F3F2200E04ED1 /* Debug */ = {
			isa = XCBuildConfiguration;
			buildSettings = {
				ASSETCATALOG_COMPILER_APPICON_NAME = AppIcon;
				ASSETCATALOG_COMPILER_GLOBAL_ACCENT_COLOR_NAME = AccentColor;
				CODE_SIGN_ENTITLEMENTS = GymLung/GymLung.entitlements;
				CODE_SIGN_STYLE = Automatic;
				CURRENT_PROJECT_VERSION = 1;
				DEVELOPMENT_TEAM = Z52QA8N98T;
				ENABLE_PREVIEWS = YES;
				GENERATE_INFOPLIST_FILE = YES;
				INFOPLIST_KEY_NSCameraUsageDescription = "GymLung 需要相機權限嚟影食物相，幫你分析營養資料";
				INFOPLIST_KEY_UIApplicationSceneManifest_Generation = YES;
				INFOPLIST_KEY_UIApplicationSupportsIndirectInputEvents = YES;
				INFOPLIST_KEY_UILaunchScreen_Generation = YES;
				INFOPLIST_KEY_UISupportedInterfaceOrientations_iPad = "UIInterfaceOrientationPortrait UIInterfaceOrientationPortraitUpsideDown UIInterfaceOrientationLandscapeLeft UIInterfaceOrientationLandscapeRight";
				INFOPLIST_KEY_UISupportedInterfaceOrientations_iPhone = "UIInterfaceOrientationPortrait UIInterfaceOrientationLandscapeLeft UIInterfaceOrientationLandscapeRight";
				LD_RUNPATH_SEARCH_PATHS = (
					"$(inherited)",
					"@executable_path/Frameworks",
				);
				MARKETING_VERSION = 1.0;
				PRODUCT_BUNDLE_IDENTIFIER = com.DominicChan.GymLung;
				PRODUCT_NAME = "$(TARGET_NAME)";
				STRING_CATALOG_GENERATE_SYMBOLS = YES;
				SWIFT_EMIT_LOC_STRINGS = YES;
				SWIFT_STRICT_CONCURRENCY = complete;
				SWIFT_VERSION = 5.0;
				TARGETED_DEVICE_FAMILY = "1,2";
			};
			name = Debug;
		};
		B6FEE88F2F4F3F2200E04ED1 /* Release */ = {
			isa = XCBuildConfiguration;
			buildSettings = {
				ASSETCATALOG_COMPILER_APPICON_NAME = AppIcon;
				ASSETCATALOG_COMPILER_GLOBAL_ACCENT_COLOR_NAME = AccentColor;
				CODE_SIGN_ENTITLEMENTS = GymLung/GymLung.entitlements;
				CODE_SIGN_STYLE = Automatic;
				CURRENT_PROJECT_VERSION = 1;
				DEVELOPMENT_TEAM = Z52QA8N98T;
				ENABLE_PREVIEWS = YES;
				GENERATE_INFOPLIST_FILE = YES;
				INFOPLIST_KEY_NSCameraUsageDescription = "GymLung 需要相機權限嚟影食物相，幫你分析營養資料";
				INFOPLIST_KEY_UIApplicationSceneManifest_Generation = YES;
				INFOPLIST_KEY_UIApplicationSupportsIndirectInputEvents = YES;
				INFOPLIST_KEY_UILaunchScreen_Generation = YES;
				INFOPLIST_KEY_UISupportedInterfaceOrientations_iPad = "UIInterfaceOrientationPortrait UIInterfaceOrientationPortraitUpsideDown UIInterfaceOrientationLandscapeLeft UIInterfaceOrientationLandscapeRight";
				INFOPLIST_KEY_UISupportedInterfaceOrientations_iPhone = "UIInterfaceOrientationPortrait UIInterfaceOrientationLandscapeLeft UIInterfaceOrientationLandscapeRight";
				LD_RUNPATH_SEARCH_PATHS = (
					"$(inherited)",
					"@executable_path/Frameworks",
				);
				MARKETING_VERSION = 1.0;
				PRODUCT_BUNDLE_IDENTIFIER = com.DominicChan.GymLung;
				PRODUCT_NAME = "$(TARGET_NAME)";
				STRING_CATALOG_GENERATE_SYMBOLS = YES;
				SWIFT_EMIT_LOC_STRINGS = YES;
				SWIFT_STRICT_CONCURRENCY = complete;
				SWIFT_VERSION = 5.0;
				TARGETED_DEVICE_FAMILY = "1,2";
			};
			name = Release;
		};
		B6FEE8912F4F3F2200E04ED1 /* Debug */ = {
			isa = XCBuildConfiguration;
			buildSettings = {
				BUNDLE_LOADER = "$(TEST_HOST)";
				CODE_SIGN_STYLE = Automatic;
				CURRENT_PROJECT_VERSION = 1;
				DEVELOPMENT_TEAM = Z52QA8N98T;
				GENERATE_INFOPLIST_FILE = YES;
				IPHONEOS_DEPLOYMENT_TARGET = 17.0;
				MARKETING_VERSION = 1.0;
				PRODUCT_BUNDLE_IDENTIFIER = com.DominicChan.GymLungTests;
				PRODUCT_NAME = "$(TARGET_NAME)";
				STRING_CATALOG_GENERATE_SYMBOLS = NO;
				SWIFT_EMIT_LOC_STRINGS = NO;
				SWIFT_STRICT_CONCURRENCY = complete;
				SWIFT_VERSION = 5.0;
				TARGETED_DEVICE_FAMILY = "1,2";
				TEST_HOST = "$(BUILT_PRODUCTS_DIR)/GymLung.app/$(BUNDLE_EXECUTABLE_FOLDER_PATH)/GymLung";
			};
			name = Debug;
		};
		B6FEE8922F4F3F2200E04ED1 /* Release */ = {
			isa = XCBuildConfiguration;
			buildSettings = {
				BUNDLE_LOADER = "$(TEST_HOST)";
				CODE_SIGN_STYLE = Automatic;
				CURRENT_PROJECT_VERSION = 1;
				DEVELOPMENT_TEAM = Z52QA8N98T;
				GENERATE_INFOPLIST_FILE = YES;
				IPHONEOS_DEPLOYMENT_TARGET = 17.0;
				MARKETING_VERSION = 1.0;
				PRODUCT_BUNDLE_IDENTIFIER = com.DominicChan.GymLungTests;
				PRODUCT_NAME = "$(TARGET_NAME)";
				STRING_CATALOG_GENERATE_SYMBOLS = NO;
				SWIFT_EMIT_LOC_STRINGS = NO;
				SWIFT_STRICT_CONCURRENCY = complete;
				SWIFT_VERSION = 5.0;
				TARGETED_DEVICE_FAMILY = "1,2";
				TEST_HOST = "$(BUILT_PRODUCTS_DIR)/GymLung.app/$(BUNDLE_EXECUTABLE_FOLDER_PATH)/GymLung";
			};
			name = Release;
		};
		B6FEE8942F4F3F2200E04ED1 /* Debug */ = {
			isa = XCBuildConfiguration;
			buildSettings = {
				CODE_SIGN_STYLE = Automatic;
				CURRENT_PROJECT_VERSION = 1;
				DEVELOPMENT_TEAM = Z52QA8N98T;
				GENERATE_INFOPLIST_FILE = YES;
				MARKETING_VERSION = 1.0;
				PRODUCT_BUNDLE_IDENTIFIER = com.DominicChan.GymLungUITests;
				PRODUCT_NAME = "$(TARGET_NAME)";
				STRING_CATALOG_GENERATE_SYMBOLS = NO;
				SWIFT_EMIT_LOC_STRINGS = NO;
				SWIFT_STRICT_CONCURRENCY = complete;
				SWIFT_VERSION = 5.0;
				TARGETED_DEVICE_FAMILY = "1,2";
				TEST_TARGET_NAME = GymLung;
			};
			name = Debug;
		};
		B6FEE8952F4F3F2200E04ED1 /* Release */ = {
			isa = XCBuildConfiguration;
			buildSettings = {
				CODE_SIGN_STYLE = Automatic;
				CURRENT_PROJECT_VERSION = 1;
				DEVELOPMENT_TEAM = Z52QA8N98T;
				GENERATE_INFOPLIST_FILE = YES;
				MARKETING_VERSION = 1.0;
				PRODUCT_BUNDLE_IDENTIFIER = com.DominicChan.GymLungUITests;
				PRODUCT_NAME = "$(TARGET_NAME)";
				STRING_CATALOG_GENERATE_SYMBOLS = NO;
				SWIFT_EMIT_LOC_STRINGS = NO;
				SWIFT_STRICT_CONCURRENCY = complete;
				SWIFT_VERSION = 5.0;
				TARGETED_DEVICE_FAMILY = "1,2";
				TEST_TARGET_NAME = GymLung;
			};
			name = Release;
		};
/* End XCBuildConfiguration section */

/* Begin XCConfigurationList section */
		B6FEE8652F4F3F2000E04ED1 /* Build configuration list for PBXProject "GymLung" */ = {
			isa = XCConfigurationList;
			buildConfigurations = (
				B6FEE88B2F4F3F2200E04ED1 /* Debug */,
				B6FEE88C2F4F3F2200E04ED1 /* Release */,
			);
			defaultConfigurationIsVisible = 0;
			defaultConfigurationName = Release;
		};
		B6FEE88D2F4F3F2200E04ED1 /* Build configuration list for PBXNativeTarget "GymLung" */ = {
			isa = XCConfigurationList;
			buildConfigurations = (
				B6FEE88E2F4F3F2200E04ED1 /* Debug */,
				B6FEE88F2F4F3F2200E04ED1 /* Release */,
			);
			defaultConfigurationIsVisible = 0;
			defaultConfigurationName = Release;
		};
		B6FEE8902F4F3F2200E04ED1 /* Build configuration list for PBXNativeTarget "GymLungTests" */ = {
			isa = XCConfigurationList;
			buildConfigurations = (
				B6FEE8912F4F3F2200E04ED1 /* Debug */,
				B6FEE8922F4F3F2200E04ED1 /* Release */,
			);
			defaultConfigurationIsVisible = 0;
			defaultConfigurationName = Release;
		};
		B6FEE8932F4F3F2200E04ED1 /* Build configuration list for PBXNativeTarget "GymLungUITests" */ = {
			isa = XCConfigurationList;
			buildConfigurations = (
				B6FEE8942F4F3F2200E04ED1 /* Debug */,
				B6FEE8952F4F3F2200E04ED1 /* Release */,
			);
			defaultConfigurationIsVisible = 0;
			defaultConfigurationName = Release;
		};
/* End XCConfigurationList section */

/* Begin XCRemoteSwiftPackageReference section */
		A1B2C3D4E5F6A7B8C9D0E1F2 /* XCRemoteSwiftPackageReference "supabase-swift" */ = {
			isa = XCRemoteSwiftPackageReference;
			repositoryURL = "https://github.com/supabase/supabase-swift.git";
			requirement = {
				kind = upToNextMajorVersion;
				minimumVersion = 2.0.0;
			};
		};
		B6A68D3D2F50AB9000B887B3 /* XCRemoteSwiftPackageReference "purchases-ios-spm" */ = {
			isa = XCRemoteSwiftPackageReference;
			repositoryURL = "https://github.com/RevenueCat/purchases-ios-spm.git";
			requirement = {
				kind = upToNextMajorVersion;
				minimumVersion = 5.60.0;
			};
		};
/* End XCRemoteSwiftPackageReference section */

/* Begin XCSwiftPackageProductDependency section */
		A1B2C3D4E5F6A7B8C9D0E1F3 /* Supabase */ = {
			isa = XCSwiftPackageProductDependency;
			package = A1B2C3D4E5F6A7B8C9D0E1F2 /* XCRemoteSwiftPackageReference "supabase-swift" */;
			productName = Supabase;
		};
		B6A68D3E2F50AB9000B887B3 /* ReceiptParser */ = {
			isa = XCSwiftPackageProductDependency;
			package = B6A68D3D2F50AB9000B887B3 /* XCRemoteSwiftPackageReference "purchases-ios-spm" */;
			productName = ReceiptParser;
		};
		B6A68D402F50AB9000B887B3 /* RevenueCat */ = {
			isa = XCSwiftPackageProductDependency;
			package = B6A68D3D2F50AB9000B887B3 /* XCRemoteSwiftPackageReference "purchases-ios-spm" */;
			productName = RevenueCat;
		};
		B6A68D422F50AB9000B887B3 /* RevenueCatUI */ = {
			isa = XCSwiftPackageProductDependency;
			package = B6A68D3D2F50AB9000B887B3 /* XCRemoteSwiftPackageReference "purchases-ios-spm" */;
			productName = RevenueCatUI;
		};
/* End XCSwiftPackageProductDependency section */
	};
	rootObject = B6FEE8622F4F3F2000E04ED1 /* Project object */;
}
